
Microsoft Visual Studio Solution File, Format Version 12.00
# Visual Studio Version 18
VisualStudioVersion = 18.6.11822.322 stable
MinimumVisualStudioVersion = 10.0.40219.1
Project("{FAE04EC0-301F-11D3-BF4B-00C04F79EFBC}") = "PatientService", "PatientService.csproj", "{F22F9EFD-303C-67A7-C0C7-4B4E044E6A47}"
EndProject
Global
	GlobalSection(SolutionConfigurationPlatforms) = preSolution
		Debug|Any CPU = Debug|Any CPU
		Release|Any CPU = Release|Any CPU
	EndGlobalSection
	GlobalSection(ProjectConfigurationPlatforms) = postSolution
		{F22F9EFD-303C-67A7-C0C7-4B4E044E6A47}.Debug|Any CPU.ActiveCfg = Debug|Any CPU
		{F22F9EFD-303C-67A7-C0C7-4B4E044E6A47}.Debug|Any CPU.Build.0 = Debug|Any CPU
		{F22F9EFD-303C-67A7-C0C7-4B4E044E6A47}.Release|Any CPU.ActiveCfg = Release|Any CPU
		{F22F9EFD-303C-67A7-C0C7-4B4E044E6A47}.Release|Any CPU.Build.0 = Release|Any CPU
	EndGlobalSection
	GlobalSection(SolutionProperties) = preSolution
		HideSolutionNode = FALSE
	EndGlobalSection
	GlobalSection(ExtensibilityGlobals) = postSolution
		SolutionGuid = {22B55742-2A14-485B-B620-14055F888E0D}
	EndGlobalSection
EndGlobal
