
Microsoft Visual Studio Solution File, Format Version 12.00
# Visual Studio Version 18
VisualStudioVersion = 18.6.11822.322
MinimumVisualStudioVersion = 10.0.40219.1
Project("{FAE04EC0-301F-11D3-BF4B-00C04F79EFBC}") = "AuthService", "AuthService\AuthService.csproj", "{6CDAB7B3-DE4F-6FF5-06F0-D824F083F1AF}"
EndProject
Project("{FAE04EC0-301F-11D3-BF4B-00C04F79EFBC}") = "FrontendService", "FrontendService\FrontendService.csproj", "{54ABF08E-C32B-E332-E630-33AFB51AA612}"
EndProject
Project("{FAE04EC0-301F-11D3-BF4B-00C04F79EFBC}") = "GatewayService", "GatewayService\GatewayService.csproj", "{745A089D-F750-8C43-D481-611EC449C132}"
EndProject
Project("{FAE04EC0-301F-11D3-BF4B-00C04F79EFBC}") = "PatientService", "PatientService\PatientService.csproj", "{344993C5-DEF5-2B13-E178-D4493A47F273}"
EndProject
Project("{2150E333-8FDC-42A3-9474-1A3956D46DE8}") = "Éléments de solution", "Éléments de solution", "{849FE7B8-87E8-45D0-8908-861E9CA551ED}"
	ProjectSection(SolutionItems) = preProject
		..\..\docker-compose.yml = ..\..\docker-compose.yml
	EndProjectSection
EndProject
Global
	GlobalSection(SolutionConfigurationPlatforms) = preSolution
		Debug|Any CPU = Debug|Any CPU
		Release|Any CPU = Release|Any CPU
	EndGlobalSection
	GlobalSection(ProjectConfigurationPlatforms) = postSolution
		{6CDAB7B3-DE4F-6FF5-06F0-D824F083F1AF}.Debug|Any CPU.ActiveCfg = Debug|Any CPU
		{6CDAB7B3-DE4F-6FF5-06F0-D824F083F1AF}.Debug|Any CPU.Build.0 = Debug|Any CPU
		{6CDAB7B3-DE4F-6FF5-06F0-D824F083F1AF}.Release|Any CPU.ActiveCfg = Release|Any CPU
		{6CDAB7B3-DE4F-6FF5-06F0-D824F083F1AF}.Release|Any CPU.Build.0 = Release|Any CPU
		{54ABF08E-C32B-E332-E630-33AFB51AA612}.Debug|Any CPU.ActiveCfg = Debug|Any CPU
		{54ABF08E-C32B-E332-E630-33AFB51AA612}.Debug|Any CPU.Build.0 = Debug|Any CPU
		{54ABF08E-C32B-E332-E630-33AFB51AA612}.Release|Any CPU.ActiveCfg = Release|Any CPU
		{54ABF08E-C32B-E332-E630-33AFB51AA612}.Release|Any CPU.Build.0 = Release|Any CPU
		{745A089D-F750-8C43-D481-611EC449C132}.Debug|Any CPU.ActiveCfg = Debug|Any CPU
		{745A089D-F750-8C43-D481-611EC449C132}.Debug|Any CPU.Build.0 = Debug|Any CPU
		{745A089D-F750-8C43-D481-611EC449C132}.Release|Any CPU.ActiveCfg = Release|Any CPU
		{745A089D-F750-8C43-D481-611EC449C132}.Release|Any CPU.Build.0 = Release|Any CPU
		{344993C5-DEF5-2B13-E178-D4493A47F273}.Debug|Any CPU.ActiveCfg = Debug|Any CPU
		{344993C5-DEF5-2B13-E178-D4493A47F273}.Debug|Any CPU.Build.0 = Debug|Any CPU
		{344993C5-DEF5-2B13-E178-D4493A47F273}.Release|Any CPU.ActiveCfg = Release|Any CPU
		{344993C5-DEF5-2B13-E178-D4493A47F273}.Release|Any CPU.Build.0 = Release|Any CPU
	EndGlobalSection
	GlobalSection(SolutionProperties) = preSolution
		HideSolutionNode = FALSE
	EndGlobalSection
	GlobalSection(ExtensibilityGlobals) = postSolution
		SolutionGuid = {22B55742-2A14-485B-B620-14055F888E0D}
	EndGlobalSection
EndGlobal
